
Microsoft Visual Studio Solution File, Format Version 12.00
# Visual Studio 15
Project("{FAE04EC0-301F-11D3-BF4B-00C04F79EFBC}") = "Assembly-CSharp", "Assembly-CSharp.csproj", "{F1F90949-BFE5-784A-7060-2817D1D13D57}"
EndProject
Project("{FAE04EC0-301F-11D3-BF4B-00C04F79EFBC}") = "Assembly-CSharp-firstpass", "Assembly-CSharp-firstpass.csproj", "{64412CE1-B031-04A6-27D0-8C2303F90F1C}"
EndProject
Global
	GlobalSection(SolutionConfigurationPlatforms) = preSolution
		Debug|Any CPU = Debug|Any CPU
		Release|Any CPU = Release|Any CPU
	EndGlobalSection
	GlobalSection(ProjectConfigurationPlatforms) = postSolution
		{F1F90949-BFE5-784A-7060-2817D1D13D57}.Debug|Any CPU.ActiveCfg = Debug|Any CPU
		{F1F90949-BFE5-784A-7060-2817D1D13D57}.Debug|Any CPU.Build.0 = Debug|Any CPU
		{F1F90949-BFE5-784A-7060-2817D1D13D57}.Release|Any CPU.ActiveCfg = Release|Any CPU
		{F1F90949-BFE5-784A-7060-2817D1D13D57}.Release|Any CPU.Build.0 = Release|Any CPU
		{64412CE1-B031-04A6-27D0-8C2303F90F1C}.Debug|Any CPU.ActiveCfg = Debug|Any CPU
		{64412CE1-B031-04A6-27D0-8C2303F90F1C}.Debug|Any CPU.Build.0 = Debug|Any CPU
		{64412CE1-B031-04A6-27D0-8C2303F90F1C}.Release|Any CPU.ActiveCfg = Release|Any CPU
		{64412CE1-B031-04A6-27D0-8C2303F90F1C}.Release|Any CPU.Build.0 = Release|Any CPU
	EndGlobalSection
	GlobalSection(SolutionProperties) = preSolution
		HideSolutionNode = FALSE
	EndGlobalSection
EndGlobal
